
Microsoft Visual Studio Solution File, Format Version 12.00
# Visual Studio Version 17
VisualStudioVersion = 17.14.36908.2 d17.14
MinimumVisualStudioVersion = 10.0.40219.1
Project("{FAE04EC0-301F-11D3-BF4B-00C04F79EFBC}") = "SV22T1020553.Admin", "SV22T1020553.Admin\SV22T1020553.Admin.csproj", "{0D6BC5D6-A8A3-4DEE-8AC8-A974EE548A9E}"
EndProject
Project("{FAE04EC0-301F-11D3-BF4B-00C04F79EFBC}") = "SV22T1020553.Shop", "SV22T1020553.Shop\SV22T1020553.Shop.csproj", "{E59CB41E-84F6-4B2B-9FB0-FD0C41539836}"
EndProject
Project("{FAE04EC0-301F-11D3-BF4B-00C04F79EFBC}") = "SV22T1020553.Models", "SV22T1020553.Models\SV22T1020553.Models.csproj", "{AAC33C0E-9962-48ED-BB3C-3F59893E9E75}"
EndProject
Project("{FAE04EC0-301F-11D3-BF4B-00C04F79EFBC}") = "SV22T1020553.DataLayers", "SV22T1020553.DataLayers\SV22T1020553.DataLayers.csproj", "{598A5679-D04A-4656-ADEF-52C9A0B809C3}"
EndProject
Project("{FAE04EC0-301F-11D3-BF4B-00C04F79EFBC}") = "SV22T1020553.BusinessLayers", "SV22T1020553.BusinessLayers\SV22T1020553.BusinessLayers.csproj", "{C76A5BAB-52C7-40FE-AE50-A3F306A71FA3}"
EndProject
Project("{2150E333-8FDC-42A3-9474-1A3956D46DE8}") = "Applications", "Applications", "{02EA681E-C7D8-13C7-8484-4AC65E1B71E8}"
EndProject
Project("{2150E333-8FDC-42A3-9474-1A3956D46DE8}") = "Libraries", "Libraries", "{C4936653-C761-4943-9F75-A8D53FF5CAD6}"
EndProject
Project("{2150E333-8FDC-42A3-9474-1A3956D46DE8}") = "Notes", "Notes", "{D3CFF3E2-07D9-4F0D-97AA-109F6238DBF2}"
EndProject
Global
	GlobalSection(SolutionConfigurationPlatforms) = preSolution
		Debug|Any CPU = Debug|Any CPU
		Release|Any CPU = Release|Any CPU
	EndGlobalSection
	GlobalSection(ProjectConfigurationPlatforms) = postSolution
		{0D6BC5D6-A8A3-4DEE-8AC8-A974EE548A9E}.Debug|Any CPU.ActiveCfg = Debug|Any CPU
		{0D6BC5D6-A8A3-4DEE-8AC8-A974EE548A9E}.Debug|Any CPU.Build.0 = Debug|Any CPU
		{0D6BC5D6-A8A3-4DEE-8AC8-A974EE548A9E}.Release|Any CPU.ActiveCfg = Release|Any CPU
		{0D6BC5D6-A8A3-4DEE-8AC8-A974EE548A9E}.Release|Any CPU.Build.0 = Release|Any CPU
		{E59CB41E-84F6-4B2B-9FB0-FD0C41539836}.Debug|Any CPU.ActiveCfg = Debug|Any CPU
		{E59CB41E-84F6-4B2B-9FB0-FD0C41539836}.Debug|Any CPU.Build.0 = Debug|Any CPU
		{E59CB41E-84F6-4B2B-9FB0-FD0C41539836}.Release|Any CPU.ActiveCfg = Release|Any CPU
		{E59CB41E-84F6-4B2B-9FB0-FD0C41539836}.Release|Any CPU.Build.0 = Release|Any CPU
		{AAC33C0E-9962-48ED-BB3C-3F59893E9E75}.Debug|Any CPU.ActiveCfg = Debug|Any CPU
		{AAC33C0E-9962-48ED-BB3C-3F59893E9E75}.Debug|Any CPU.Build.0 = Debug|Any CPU
		{AAC33C0E-9962-48ED-BB3C-3F59893E9E75}.Release|Any CPU.ActiveCfg = Release|Any CPU
		{AAC33C0E-9962-48ED-BB3C-3F59893E9E75}.Release|Any CPU.Build.0 = Release|Any CPU
		{598A5679-D04A-4656-ADEF-52C9A0B809C3}.Debug|Any CPU.ActiveCfg = Debug|Any CPU
		{598A5679-D04A-4656-ADEF-52C9A0B809C3}.Debug|Any CPU.Build.0 = Debug|Any CPU
		{598A5679-D04A-4656-ADEF-52C9A0B809C3}.Release|Any CPU.ActiveCfg = Release|Any CPU
		{598A5679-D04A-4656-ADEF-52C9A0B809C3}.Release|Any CPU.Build.0 = Release|Any CPU
		{C76A5BAB-52C7-40FE-AE50-A3F306A71FA3}.Debug|Any CPU.ActiveCfg = Debug|Any CPU
		{C76A5BAB-52C7-40FE-AE50-A3F306A71FA3}.Debug|Any CPU.Build.0 = Debug|Any CPU
		{C76A5BAB-52C7-40FE-AE50-A3F306A71FA3}.Release|Any CPU.ActiveCfg = Release|Any CPU
		{C76A5BAB-52C7-40FE-AE50-A3F306A71FA3}.Release|Any CPU.Build.0 = Release|Any CPU
	EndGlobalSection
	GlobalSection(SolutionProperties) = preSolution
		HideSolutionNode = FALSE
	EndGlobalSection
	GlobalSection(NestedProjects) = preSolution
		{0D6BC5D6-A8A3-4DEE-8AC8-A974EE548A9E} = {02EA681E-C7D8-13C7-8484-4AC65E1B71E8}
		{E59CB41E-84F6-4B2B-9FB0-FD0C41539836} = {02EA681E-C7D8-13C7-8484-4AC65E1B71E8}
		{AAC33C0E-9962-48ED-BB3C-3F59893E9E75} = {C4936653-C761-4943-9F75-A8D53FF5CAD6}
		{598A5679-D04A-4656-ADEF-52C9A0B809C3} = {C4936653-C761-4943-9F75-A8D53FF5CAD6}
		{C76A5BAB-52C7-40FE-AE50-A3F306A71FA3} = {C4936653-C761-4943-9F75-A8D53FF5CAD6}
	EndGlobalSection
	GlobalSection(ExtensibilityGlobals) = postSolution
		SolutionGuid = {090DF3BF-53BB-4510-BC84-363A394679F2}
	EndGlobalSection
EndGlobal
